Microsoft Visual Studio Solution File, Format Version 11.00
# Visual Studio 2008

Project("{0C7EAA9C-9398-DACD-27CD-418286905F71}") = "roborobo1", "Assembly-CSharp.csproj", "{7C8F5B3F-66AE-04D8-801C-587258B38A81}"
EndProject
Global
	GlobalSection(SolutionConfigurationPlatforms) = preSolution
		Debug|Any CPU = Debug|Any CPU
		Release|Any CPU = Release|Any CPU
	EndGlobalSection
	GlobalSection(ProjectConfigurationPlatforms) = postSolution
		{7C8F5B3F-66AE-04D8-801C-587258B38A81}.Debug|Any CPU.ActiveCfg = Debug|Any CPU
		{7C8F5B3F-66AE-04D8-801C-587258B38A81}.Debug|Any CPU.Build.0 = Debug|Any CPU
		{7C8F5B3F-66AE-04D8-801C-587258B38A81}.Release|Any CPU.ActiveCfg = Release|Any CPU
		{7C8F5B3F-66AE-04D8-801C-587258B38A81}.Release|Any CPU.Build.0 = Release|Any CPU
	EndGlobalSection
	GlobalSection(SolutionProperties) = preSolution
		HideSolutionNode = FALSE
	EndGlobalSection
		GlobalSection(MonoDevelopProperties) = preSolution
		StartupItem = Assembly-CSharp.csproj
		Policies = $0
		$0.TextStylePolicy = $1
		$1.inheritsSet = null
		$1.scope = text/x-csharp
		$0.CSharpFormattingPolicy = $2
		$2.inheritsSet = Mono
		$2.inheritsScope = text/x-csharp
		$2.scope = text/x-csharp
		$0.TextStylePolicy = $3
		$3.FileWidth = 120
		$3.TabWidth = 4
		$3.EolMarker = Unix
		$3.inheritsSet = Mono
		$3.inheritsScope = text/plain
		$3.scope = text/plain
	EndGlobalSection

EndGlobal
